
Microsoft Visual Studio Solution File, Format Version 12.00
# Visual Studio Version 16
VisualStudioVersion = 16.0.30225.117
MinimumVisualStudioVersion = 10.0.40219.1
Project("{FAE04EC0-301F-11D3-BF4B-00C04F79EFBC}") = "ConsoleApp10", "ConsoleApp10.csproj", "{FB2CCE13-B17E-42EE-9C43-973737809AD1}"
EndProject
Global
	GlobalSection(SolutionConfigurationPlatforms) = preSolution
		Debug|Any CPU = Debug|Any CPU
		Release|Any CPU = Release|Any CPU
	EndGlobalSection
	GlobalSection(ProjectConfigurationPlatforms) = postSolution
		{FB2CCE13-B17E-42EE-9C43-973737809AD1}.Debug|Any CPU.ActiveCfg = Debug|Any CPU
		{FB2CCE13-B17E-42EE-9C43-973737809AD1}.Debug|Any CPU.Build.0 = Debug|Any CPU
		{FB2CCE13-B17E-42EE-9C43-973737809AD1}.Release|Any CPU.ActiveCfg = Release|Any CPU
		{FB2CCE13-B17E-42EE-9C43-973737809AD1}.Release|Any CPU.Build.0 = Release|Any CPU
	EndGlobalSection
	GlobalSection(SolutionProperties) = preSolution
		HideSolutionNode = FALSE
	EndGlobalSection
	GlobalSection(ExtensibilityGlobals) = postSolution
		SolutionGuid = {037EB9AB-EA8F-40A6-96E2-A31D266AF864}
	EndGlobalSection
EndGlobal
