
Microsoft Visual Studio Solution File, Format Version 12.00
# Visual Studio Version 16
VisualStudioVersion = 16.0.30225.117
MinimumVisualStudioVersion = 10.0.40219.1
Project("{FAE04EC0-301F-11D3-BF4B-00C04F79EFBC}") = "ConsoleApp13", "ConsoleApp13.csproj", "{DDBA457F-2E6E-4C3C-8CE1-3E242C9415C2}"
EndProject
Global
	GlobalSection(SolutionConfigurationPlatforms) = preSolution
		Debug|Any CPU = Debug|Any CPU
		Release|Any CPU = Release|Any CPU
	EndGlobalSection
	GlobalSection(ProjectConfigurationPlatforms) = postSolution
		{DDBA457F-2E6E-4C3C-8CE1-3E242C9415C2}.Debug|Any CPU.ActiveCfg = Debug|Any CPU
		{DDBA457F-2E6E-4C3C-8CE1-3E242C9415C2}.Debug|Any CPU.Build.0 = Debug|Any CPU
		{DDBA457F-2E6E-4C3C-8CE1-3E242C9415C2}.Release|Any CPU.ActiveCfg = Release|Any CPU
		{DDBA457F-2E6E-4C3C-8CE1-3E242C9415C2}.Release|Any CPU.Build.0 = Release|Any CPU
	EndGlobalSection
	GlobalSection(SolutionProperties) = preSolution
		HideSolutionNode = FALSE
	EndGlobalSection
	GlobalSection(ExtensibilityGlobals) = postSolution
		SolutionGuid = {9B9349F4-C701-4D70-9C9A-C02A4FD3CDC5}
	EndGlobalSection
EndGlobal
