
Microsoft Visual Studio Solution File, Format Version 12.00
# Visual Studio Version 16
VisualStudioVersion = 16.0.30011.22
MinimumVisualStudioVersion = 10.0.40219.1
Project("{FAE04EC0-301F-11D3-BF4B-00C04F79EFBC}") = "ConApp4s89", "ConApp4s89.csproj", "{AA08ABE6-6CBC-412F-B742-25D1CB75EDE6}"
EndProject
Global
	GlobalSection(SolutionConfigurationPlatforms) = preSolution
		Debug|Any CPU = Debug|Any CPU
		Release|Any CPU = Release|Any CPU
	EndGlobalSection
	GlobalSection(ProjectConfigurationPlatforms) = postSolution
		{AA08ABE6-6CBC-412F-B742-25D1CB75EDE6}.Debug|Any CPU.ActiveCfg = Debug|Any CPU
		{AA08ABE6-6CBC-412F-B742-25D1CB75EDE6}.Debug|Any CPU.Build.0 = Debug|Any CPU
		{AA08ABE6-6CBC-412F-B742-25D1CB75EDE6}.Release|Any CPU.ActiveCfg = Release|Any CPU
		{AA08ABE6-6CBC-412F-B742-25D1CB75EDE6}.Release|Any CPU.Build.0 = Release|Any CPU
	EndGlobalSection
	GlobalSection(SolutionProperties) = preSolution
		HideSolutionNode = FALSE
	EndGlobalSection
	GlobalSection(ExtensibilityGlobals) = postSolution
		SolutionGuid = {CF4597B8-83F7-4508-8C4B-487B98A761E9}
	EndGlobalSection
EndGlobal
